# This file was autogenerated by uv via the following command:
#    uv pip compile pyproject.toml -o uv.lock
contourpy==1.3.2
    # via matplotlib
cycler==0.12.1
    # via matplotlib
dnspython==2.7.0
    # via pymongo
fonttools==4.58.1
    # via matplotlib
kafka-python3==3.0.0
    # via fire-stream-app (pyproject.toml)
kiwisolver==1.4.8
    # via matplotlib
matplotlib==3.10.3
    # via fire-stream-app (pyproject.toml)
numpy==2.2.6
    # via
    #   contourpy
    #   matplotlib
packaging==25.0
    # via matplotlib
pillow==11.2.1
    # via matplotlib
py4j==0.10.9.9
    # via pyspark
pymongo==4.13.0
    # via fire-stream-app (pyproject.toml)
pyparsing==3.2.3
    # via matplotlib
pyspark==4.0.0
    # via fire-stream-app (pyproject.toml)
python-dateutil==2.9.0.post0
    # via matplotlib
python-geohash==0.8.5
    # via fire-stream-app (pyproject.toml)
six==1.17.0
    # via python-dateutil
